
Microsoft Visual Studio Solution File, Format Version 12.00
# Visual Studio Version 17
VisualStudioVersion = 17.10.34928.147
MinimumVisualStudioVersion = 10.0.40219.1
Project("{9A19103F-16F7-4668-BE54-9A1E7A4F7556}") = "Day01", "Day01\Day01.csproj", "{9A43AAB0-3B9B-444A-9D22-6036302DB8EC}"
EndProject
Project("{9A19103F-16F7-4668-BE54-9A1E7A4F7556}") = "Day02", "Day02\Day02.csproj", "{0AD64B98-E209-4608-A785-AC69AF85119B}"
EndProject
Project("{9A19103F-16F7-4668-BE54-9A1E7A4F7556}") = "Day03", "Day03\Day03.csproj", "{DF1D2D03-36D8-4615-AF38-DAA82F59ED69}"
EndProject
Project("{9A19103F-16F7-4668-BE54-9A1E7A4F7556}") = "Day04", "Day04\Day04.csproj", "{795A6035-654C-46EA-9ACB-065F46936A70}"
EndProject
Project("{9A19103F-16F7-4668-BE54-9A1E7A4F7556}") = "Common", "Common\Common.csproj", "{750DECDC-8A56-476B-B183-B1D40A836339}"
EndProject
Project("{9A19103F-16F7-4668-BE54-9A1E7A4F7556}") = "Day05", "Day05\Day05.csproj", "{4D5804A3-3EED-4001-A8F4-84E52FDFA56F}"
EndProject
Project("{9A19103F-16F7-4668-BE54-9A1E7A4F7556}") = "Day06", "Day06\Day06.csproj", "{BD855CFE-4398-4D42-90D7-00E37D02B788}"
EndProject
Project("{9A19103F-16F7-4668-BE54-9A1E7A4F7556}") = "Day07", "Day07\Day07.csproj", "{86E6B3F1-6D29-478A-9D74-10260D7C04A1}"
EndProject
Project("{9A19103F-16F7-4668-BE54-9A1E7A4F7556}") = "Day08", "Day08\Day08.csproj", "{99FBC032-3FF5-46E1-88ED-254909893AA5}"
EndProject
Project("{9A19103F-16F7-4668-BE54-9A1E7A4F7556}") = "Day09", "Day09\Day09.csproj", "{62E9FA9F-7D90-4180-92EE-800BD1DB3397}"
EndProject
Project("{FAE04EC0-301F-11D3-BF4B-00C04F79EFBC}") = "Day10", "Day10\Day10.csproj", "{B2E073F0-D110-4D00-91B7-8292F2C9E3D9}"
EndProject
Global
	GlobalSection(SolutionConfigurationPlatforms) = preSolution
		Debug|Any CPU = Debug|Any CPU
		Release|Any CPU = Release|Any CPU
	EndGlobalSection
	GlobalSection(ProjectConfigurationPlatforms) = postSolution
		{9A43AAB0-3B9B-444A-9D22-6036302DB8EC}.Debug|Any CPU.ActiveCfg = Debug|Any CPU
		{9A43AAB0-3B9B-444A-9D22-6036302DB8EC}.Debug|Any CPU.Build.0 = Debug|Any CPU
		{9A43AAB0-3B9B-444A-9D22-6036302DB8EC}.Release|Any CPU.ActiveCfg = Release|Any CPU
		{9A43AAB0-3B9B-444A-9D22-6036302DB8EC}.Release|Any CPU.Build.0 = Release|Any CPU
		{0AD64B98-E209-4608-A785-AC69AF85119B}.Debug|Any CPU.ActiveCfg = Debug|Any CPU
		{0AD64B98-E209-4608-A785-AC69AF85119B}.Debug|Any CPU.Build.0 = Debug|Any CPU
		{0AD64B98-E209-4608-A785-AC69AF85119B}.Release|Any CPU.ActiveCfg = Release|Any CPU
		{0AD64B98-E209-4608-A785-AC69AF85119B}.Release|Any CPU.Build.0 = Release|Any CPU
		{DF1D2D03-36D8-4615-AF38-DAA82F59ED69}.Debug|Any CPU.ActiveCfg = Debug|Any CPU
		{DF1D2D03-36D8-4615-AF38-DAA82F59ED69}.Debug|Any CPU.Build.0 = Debug|Any CPU
		{DF1D2D03-36D8-4615-AF38-DAA82F59ED69}.Release|Any CPU.ActiveCfg = Release|Any CPU
		{DF1D2D03-36D8-4615-AF38-DAA82F59ED69}.Release|Any CPU.Build.0 = Release|Any CPU
		{795A6035-654C-46EA-9ACB-065F46936A70}.Debug|Any CPU.ActiveCfg = Debug|Any CPU
		{795A6035-654C-46EA-9ACB-065F46936A70}.Debug|Any CPU.Build.0 = Debug|Any CPU
		{795A6035-654C-46EA-9ACB-065F46936A70}.Release|Any CPU.ActiveCfg = Release|Any CPU
		{795A6035-654C-46EA-9ACB-065F46936A70}.Release|Any CPU.Build.0 = Release|Any CPU
		{750DECDC-8A56-476B-B183-B1D40A836339}.Debug|Any CPU.ActiveCfg = Debug|Any CPU
		{750DECDC-8A56-476B-B183-B1D40A836339}.Debug|Any CPU.Build.0 = Debug|Any CPU
		{750DECDC-8A56-476B-B183-B1D40A836339}.Release|Any CPU.ActiveCfg = Release|Any CPU
		{750DECDC-8A56-476B-B183-B1D40A836339}.Release|Any CPU.Build.0 = Release|Any CPU
		{4D5804A3-3EED-4001-A8F4-84E52FDFA56F}.Debug|Any CPU.ActiveCfg = Debug|Any CPU
		{4D5804A3-3EED-4001-A8F4-84E52FDFA56F}.Debug|Any CPU.Build.0 = Debug|Any CPU
		{4D5804A3-3EED-4001-A8F4-84E52FDFA56F}.Release|Any CPU.ActiveCfg = Release|Any CPU
		{4D5804A3-3EED-4001-A8F4-84E52FDFA56F}.Release|Any CPU.Build.0 = Release|Any CPU
		{BD855CFE-4398-4D42-90D7-00E37D02B788}.Debug|Any CPU.ActiveCfg = Debug|Any CPU
		{BD855CFE-4398-4D42-90D7-00E37D02B788}.Debug|Any CPU.Build.0 = Debug|Any CPU
		{BD855CFE-4398-4D42-90D7-00E37D02B788}.Release|Any CPU.ActiveCfg = Release|Any CPU
		{BD855CFE-4398-4D42-90D7-00E37D02B788}.Release|Any CPU.Build.0 = Release|Any CPU
		{86E6B3F1-6D29-478A-9D74-10260D7C04A1}.Debug|Any CPU.ActiveCfg = Debug|Any CPU
		{86E6B3F1-6D29-478A-9D74-10260D7C04A1}.Debug|Any CPU.Build.0 = Debug|Any CPU
		{86E6B3F1-6D29-478A-9D74-10260D7C04A1}.Release|Any CPU.ActiveCfg = Release|Any CPU
		{86E6B3F1-6D29-478A-9D74-10260D7C04A1}.Release|Any CPU.Build.0 = Release|Any CPU
		{99FBC032-3FF5-46E1-88ED-254909893AA5}.Debug|Any CPU.ActiveCfg = Debug|Any CPU
		{99FBC032-3FF5-46E1-88ED-254909893AA5}.Debug|Any CPU.Build.0 = Debug|Any CPU
		{99FBC032-3FF5-46E1-88ED-254909893AA5}.Release|Any CPU.ActiveCfg = Release|Any CPU
		{99FBC032-3FF5-46E1-88ED-254909893AA5}.Release|Any CPU.Build.0 = Release|Any CPU
		{62E9FA9F-7D90-4180-92EE-800BD1DB3397}.Debug|Any CPU.ActiveCfg = Debug|Any CPU
		{62E9FA9F-7D90-4180-92EE-800BD1DB3397}.Debug|Any CPU.Build.0 = Debug|Any CPU
		{62E9FA9F-7D90-4180-92EE-800BD1DB3397}.Release|Any CPU.ActiveCfg = Release|Any CPU
		{62E9FA9F-7D90-4180-92EE-800BD1DB3397}.Release|Any CPU.Build.0 = Release|Any CPU
		{B2E073F0-D110-4D00-91B7-8292F2C9E3D9}.Debug|Any CPU.ActiveCfg = Debug|Any CPU
		{B2E073F0-D110-4D00-91B7-8292F2C9E3D9}.Debug|Any CPU.Build.0 = Debug|Any CPU
		{B2E073F0-D110-4D00-91B7-8292F2C9E3D9}.Release|Any CPU.ActiveCfg = Release|Any CPU
		{B2E073F0-D110-4D00-91B7-8292F2C9E3D9}.Release|Any CPU.Build.0 = Release|Any CPU
	EndGlobalSection
	GlobalSection(SolutionProperties) = preSolution
		HideSolutionNode = FALSE
	EndGlobalSection
	GlobalSection(ExtensibilityGlobals) = postSolution
		SolutionGuid = {2378F022-8785-435D-A874-DA7BAC0BDFD6}
	EndGlobalSection
EndGlobal
